# This file was autogenerated by Stack.
# You should not edit this file by hand.
# For more information, please see the documentation at:
#   https://docs.haskellstack.org/en/stable/lock_files

packages:
- completed:
    hackage: fuzzy-0.1.0.0@sha256:123b9581c587ae5422b67bbad7e81186b1ecbf86941a8049f921ddf136f2234e,833
    pantry-tree:
      size: 261
      sha256: 97019c97e95f2a91089acec705243e1fa5b8529ae112658757e0ab3574905f3c
  original:
    hackage: fuzzy-0.1.0.0
- completed:
    hackage: libxml-sax-0.7.5@sha256:31f7f5dcaa25a394110d88644c9b27ac7c5b8995e2214ebb4da2d3dd5e582445,1023
    pantry-tree:
      size: 351
      sha256: 235ab81ef2fde9be1a8588105679f13b4a39263157f68c90ea38b3007740be15
  original:
    hackage: libxml-sax-0.7.5
- completed:
    hackage: regex-posix-0.96.0.0@sha256:690d1366e9ea6df71ded3daf49ca3d53c63eda3f95937962299b2391824dc3b3,2531
    pantry-tree:
      size: 748
      sha256: 0955278116618a3bafff70ce92b01a4b7f4eacc37fce012711a426ad199a3794
  original:
    hackage: regex-posix-0.96.0.0
- completed:
    hackage: regex-base-0.94.0.0@sha256:44aa95ca762294ffbb28cf0af9c567d93b5d2c56e4f38ce5385a257d899f968e,2253
    pantry-tree:
      size: 483
      sha256: 627ad9d564650590654720934224090a4e8fc3225e84a7fd1af83bc86b2d446a
  original:
    hackage: regex-base-0.94.0.0
snapshots:
- completed:
    size: 524996
    url: https://raw.githubusercontent.com/commercialhaskell/stackage-snapshots/master/lts/14/27.yaml
    sha256: 7ea31a280c56bf36ff591a7397cc384d0dff622e7f9e4225b47d8980f019a0f0
  original: lts-14.27
